
Microsoft Visual Studio Solution File, Format Version 12.00
# Visual Studio Version 17
VisualStudioVersion = 17.3.32811.315
MinimumVisualStudioVersion = 10.0.40219.1
Project("{FAE04EC0-301F-11D3-BF4B-00C04F79EFBC}") = "LevenshteinDistanceAlgorithm", "LevenshteinDistanceAlgorithm\LevenshteinDistanceAlgorithm.csproj", "{8290FB18-CF93-4012-BF78-643944CA0FE3}"
EndProject
Global
	GlobalSection(SolutionConfigurationPlatforms) = preSolution
		Debug|Any CPU = Debug|Any CPU
		Release|Any CPU = Release|Any CPU
	EndGlobalSection
	GlobalSection(ProjectConfigurationPlatforms) = postSolution
		{8290FB18-CF93-4012-BF78-643944CA0FE3}.Debug|Any CPU.ActiveCfg = Debug|Any CPU
		{8290FB18-CF93-4012-BF78-643944CA0FE3}.Debug|Any CPU.Build.0 = Debug|Any CPU
		{8290FB18-CF93-4012-BF78-643944CA0FE3}.Release|Any CPU.ActiveCfg = Release|Any CPU
		{8290FB18-CF93-4012-BF78-643944CA0FE3}.Release|Any CPU.Build.0 = Release|Any CPU
	EndGlobalSection
	GlobalSection(SolutionProperties) = preSolution
		HideSolutionNode = FALSE
	EndGlobalSection
	GlobalSection(ExtensibilityGlobals) = postSolution
		SolutionGuid = {CFD954E7-1C6E-4B4E-A48F-6DC03CD7AB0A}
	EndGlobalSection
EndGlobal
